// !$*UTF8*$!
{
	archiveVersion = 1;
	classes = {
	};
	objectVersion = 50;
	objects = {

/* Begin PBXBuildFile section */
		AD492FE1215F0569000917EB /* ArrayListTests.swift in Sources */ = {isa = PBXBuildFile; fileRef = AD492FE0215F0569000917EB /* ArrayListTests.swift */; };
		AD492FE3215F0569000917EB /* MGDataStructures.framework in Frameworks */ = {isa = PBXBuildFile; fileRef = AD7005F32159D83E00404C5D /* MGDataStructures.framework */; };
		AD7006042159D84C00404C5D /* Collection.swift in Sources */ = {isa = PBXBuildFile; fileRef = AD7005FF2159D84C00404C5D /* Collection.swift */; };
		AD7006052159D84C00404C5D /* List.swift in Sources */ = {isa = PBXBuildFile; fileRef = AD7006002159D84C00404C5D /* List.swift */; };
		AD7006072159D84C00404C5D /* ArrayList.swift in Sources */ = {isa = PBXBuildFile; fileRef = AD7006032159D84C00404C5D /* ArrayList.swift */; };
		AD700647215A113300404C5D /* LinkedList.swift in Sources */ = {isa = PBXBuildFile; fileRef = AD700646215A113300404C5D /* LinkedList.swift */; };
		AD76161F21617DE500C12A87 /* Queue.swift in Sources */ = {isa = PBXBuildFile; fileRef = AD76161E21617DE500C12A87 /* Queue.swift */; };
/* End PBXBuildFile section */

/* Begin PBXContainerItemProxy section */
		AD492FE4215F0569000917EB /* PBXContainerItemProxy */ = {
			isa = PBXContainerItemProxy;
			containerPortal = AD7005EA2159D83E00404C5D /* Project object */;
			proxyType = 1;
			remoteGlobalIDString = AD7005F22159D83E00404C5D;
			remoteInfo = MGDataStructures;
		};
/* End PBXContainerItemProxy section */

/* Begin PBXFileReference section */
		AD492FDE215F0569000917EB /* MGDataStructuresTests.xctest */ = {isa = PBXFileReference; explicitFileType = wrapper.cfbundle; includeInIndex = 0; path = MGDataStructuresTests.xctest; sourceTree = BUILT_PRODUCTS_DIR; };
		AD492FE0215F0569000917EB /* ArrayListTests.swift */ = {isa = PBXFileReference; lastKnownFileType = sourcecode.swift; path = ArrayListTests.swift; sourceTree = "<group>"; };
		AD492FE2215F0569000917EB /* Info.plist */ = {isa = PBXFileReference; lastKnownFileType = text.plist.xml; path = Info.plist; sourceTree = "<group>"; };
		AD7005F32159D83E00404C5D /* MGDataStructures.framework */ = {isa = PBXFileReference; explicitFileType = wrapper.framework; includeInIndex = 0; path = MGDataStructures.framework; sourceTree = BUILT_PRODUCTS_DIR; };
		AD7005F72159D83E00404C5D /* Info.plist */ = {isa = PBXFileReference; lastKnownFileType = text.plist.xml; path = Info.plist; sourceTree = "<group>"; };
		AD7005FF2159D84C00404C5D /* Collection.swift */ = {isa = PBXFileReference; fileEncoding = 4; lastKnownFileType = sourcecode.swift; path = Collection.swift; sourceTree = "<group>"; };
		AD7006002159D84C00404C5D /* List.swift */ = {isa = PBXFileReference; fileEncoding = 4; lastKnownFileType = sourcecode.swift; path = List.swift; sourceTree = "<group>"; };
		AD7006032159D84C00404C5D /* ArrayList.swift */ = {isa = PBXFileReference; fileEncoding = 4; lastKnownFileType = sourcecode.swift; path = ArrayList.swift; sourceTree = "<group>"; };
		AD700646215A113300404C5D /* LinkedList.swift */ = {isa = PBXFileReference; lastKnownFileType = sourcecode.swift; path = LinkedList.swift; sourceTree = "<group>"; };
		AD76161E21617DE500C12A87 /* Queue.swift */ = {isa = PBXFileReference; fileEncoding = 4; lastKnownFileType = sourcecode.swift; path = Queue.swift; sourceTree = "<group>"; };
/* End PBXFileReference section */

/* Begin PBXFrameworksBuildPhase section */
		AD492FDB215F0569000917EB /* Frameworks */ = {
			isa = PBXFrameworksBuildPhase;
			buildActionMask = 2147483647;
			files = (
				AD492FE3215F0569000917EB /* MGDataStructures.framework in Frameworks */,
			);
			runOnlyForDeploymentPostprocessing = 0;
		};
		AD7005F02159D83E00404C5D /* Frameworks */ = {
			isa = PBXFrameworksBuildPhase;
			buildActionMask = 2147483647;
			files = (
			);
			runOnlyForDeploymentPostprocessing = 0;
		};
/* End PBXFrameworksBuildPhase section */

/* Begin PBXGroup section */
		AD492FDF215F0569000917EB /* Tests */ = {
			isa = PBXGroup;
			children = (
				AD492FE0215F0569000917EB /* ArrayListTests.swift */,
				AD492FE2215F0569000917EB /* Info.plist */,
			);
			path = Tests;
			sourceTree = "<group>";
		};
		AD7005E92159D83E00404C5D = {
			isa = PBXGroup;
			children = (
				AD7005F52159D83E00404C5D /* MGDataStructures */,
				AD492FDF215F0569000917EB /* Tests */,
				AD7005F42159D83E00404C5D /* Products */,
				AD7006402159DDCD00404C5D /* Frameworks */,
			);
			sourceTree = "<group>";
		};
		AD7005F42159D83E00404C5D /* Products */ = {
			isa = PBXGroup;
			children = (
				AD7005F32159D83E00404C5D /* MGDataStructures.framework */,
				AD492FDE215F0569000917EB /* MGDataStructuresTests.xctest */,
			);
			name = Products;
			sourceTree = "<group>";
		};
		AD7005F52159D83E00404C5D /* MGDataStructures */ = {
			isa = PBXGroup;
			children = (
				AD7006022159D84C00404C5D /* Classes */,
				AD7005FE2159D84C00404C5D /* Protocols */,
				AD7005F72159D83E00404C5D /* Info.plist */,
			);
			path = MGDataStructures;
			sourceTree = "<group>";
		};
		AD7005FE2159D84C00404C5D /* Protocols */ = {
			isa = PBXGroup;
			children = (
				AD7006002159D84C00404C5D /* List.swift */,
				AD76161E21617DE500C12A87 /* Queue.swift */,
				AD7005FF2159D84C00404C5D /* Collection.swift */,
			);
			path = Protocols;
			sourceTree = "<group>";
		};
		AD7006022159D84C00404C5D /* Classes */ = {
			isa = PBXGroup;
			children = (
				AD7006032159D84C00404C5D /* ArrayList.swift */,
				AD700646215A113300404C5D /* LinkedList.swift */,
			);
			path = Classes;
			sourceTree = "<group>";
		};
		AD7006402159DDCD00404C5D /* Frameworks */ = {
			isa = PBXGroup;
			children = (
			);
			name = Frameworks;
			sourceTree = "<group>";
		};
/* End PBXGroup section */

/* Begin PBXHeadersBuildPhase section */
		AD7005EE2159D83E00404C5D /* Headers */ = {
			isa = PBXHeadersBuildPhase;
			buildActionMask = 2147483647;
			files = (
			);
			runOnlyForDeploymentPostprocessing = 0;
		};
/* End PBXHeadersBuildPhase section */

/* Begin PBXNativeTarget section */
		AD492FDD215F0569000917EB /* MGDataStructuresTests */ = {
			isa = PBXNativeTarget;
			buildConfigurationList = AD492FE8215F0569000917EB /* Build configuration list for PBXNativeTarget "MGDataStructuresTests" */;
			buildPhases = (
				AD492FDA215F0569000917EB /* Sources */,
				AD492FDB215F0569000917EB /* Frameworks */,
				AD492FDC215F0569000917EB /* Resources */,
			);
			buildRules = (
			);
			dependencies = (
				AD492FE5215F0569000917EB /* PBXTargetDependency */,
			);
			name = MGDataStructuresTests;
			productName = MGDataStructuresTests;
			productReference = AD492FDE215F0569000917EB /* MGDataStructuresTests.xctest */;
			productType = "com.apple.product-type.bundle.unit-test";
		};
		AD7005F22159D83E00404C5D /* MGDataStructures */ = {
			isa = PBXNativeTarget;
			buildConfigurationList = AD7005FB2159D83E00404C5D /* Build configuration list for PBXNativeTarget "MGDataStructures" */;
			buildPhases = (
				AD7005EE2159D83E00404C5D /* Headers */,
				AD7005EF2159D83E00404C5D /* Sources */,
				AD7005F02159D83E00404C5D /* Frameworks */,
				AD7005F12159D83E00404C5D /* Resources */,
			);
			buildRules = (
			);
			dependencies = (
			);
			name = MGDataStructures;
			productName = MGDataStructures;
			productReference = AD7005F32159D83E00404C5D /* MGDataStructures.framework */;
			productType = "com.apple.product-type.framework";
		};
/* End PBXNativeTarget section */

/* Begin PBXProject section */
		AD7005EA2159D83E00404C5D /* Project object */ = {
			isa = PBXProject;
			attributes = {
				LastSwiftUpdateCheck = 1000;
				LastUpgradeCheck = 1000;
				ORGANIZATIONNAME = "Mac Gallagher";
				TargetAttributes = {
					AD492FDD215F0569000917EB = {
						CreatedOnToolsVersion = 10.0;
					};
					AD7005F22159D83E00404C5D = {
						CreatedOnToolsVersion = 10.0;
					};
				};
			};
			buildConfigurationList = AD7005ED2159D83E00404C5D /* Build configuration list for PBXProject "MGDataStructures" */;
			compatibilityVersion = "Xcode 9.3";
			developmentRegion = en;
			hasScannedForEncodings = 0;
			knownRegions = (
				en,
			);
			mainGroup = AD7005E92159D83E00404C5D;
			productRefGroup = AD7005F42159D83E00404C5D /* Products */;
			projectDirPath = "";
			projectRoot = "";
			targets = (
				AD7005F22159D83E00404C5D /* MGDataStructures */,
				AD492FDD215F0569000917EB /* MGDataStructuresTests */,
			);
		};
/* End PBXProject section */

/* Begin PBXResourcesBuildPhase section */
		AD492FDC215F0569000917EB /* Resources */ = {
			isa = PBXResourcesBuildPhase;
			buildActionMask = 2147483647;
			files = (
			);
			runOnlyForDeploymentPostprocessing = 0;
		};
		AD7005F12159D83E00404C5D /* Resources */ = {
			isa = PBXResourcesBuildPhase;
			buildActionMask = 2147483647;
			files = (
			);
			runOnlyForDeploymentPostprocessing = 0;
		};
/* End PBXResourcesBuildPhase section */

/* Begin PBXSourcesBuildPhase section */
		AD492FDA215F0569000917EB /* Sources */ = {
			isa = PBXSourcesBuildPhase;
			buildActionMask = 2147483647;
			files = (
				AD492FE1215F0569000917EB /* ArrayListTests.swift in Sources */,
			);
			runOnlyForDeploymentPostprocessing = 0;
		};
		AD7005EF2159D83E00404C5D /* Sources */ = {
			isa = PBXSourcesBuildPhase;
			buildActionMask = 2147483647;
			files = (
				AD7006042159D84C00404C5D /* Collection.swift in Sources */,
				AD76161F21617DE500C12A87 /* Queue.swift in Sources */,
				AD7006072159D84C00404C5D /* ArrayList.swift in Sources */,
				AD700647215A113300404C5D /* LinkedList.swift in Sources */,
				AD7006052159D84C00404C5D /* List.swift in Sources */,
			);
			runOnlyForDeploymentPostprocessing = 0;
		};
/* End PBXSourcesBuildPhase section */

/* Begin PBXTargetDependency section */
		AD492FE5215F0569000917EB /* PBXTargetDependency */ = {
			isa = PBXTargetDependency;
			target = AD7005F22159D83E00404C5D /* MGDataStructures */;
			targetProxy = AD492FE4215F0569000917EB /* PBXContainerItemProxy */;
		};
/* End PBXTargetDependency section */

/* Begin XCBuildConfiguration section */
		AD492FE6215F0569000917EB /* Debug */ = {
			isa = XCBuildConfiguration;
			buildSettings = {
				CODE_SIGN_STYLE = Automatic;
				DEVELOPMENT_TEAM = DYZ8Y2U8DB;
				INFOPLIST_FILE = Tests/Info.plist;
				LD_RUNPATH_SEARCH_PATHS = (
					"$(inherited)",
					"@executable_path/Frameworks",
					"@loader_path/Frameworks",
				);
				PRODUCT_BUNDLE_IDENTIFIER = com.macgallagher.MGDataStructuresTests;
				PRODUCT_NAME = "$(TARGET_NAME)";
				SWIFT_VERSION = 4.2;
				TARGETED_DEVICE_FAMILY = "1,2";
			};
			name = Debug;
		};
		AD492FE7215F0569000917EB /* Release */ = {
			isa = XCBuildConfiguration;
			buildSettings = {
				CODE_SIGN_STYLE = Automatic;
				DEVELOPMENT_TEAM = DYZ8Y2U8DB;
				INFOPLIST_FILE = Tests/Info.plist;
				LD_RUNPATH_SEARCH_PATHS = (
					"$(inherited)",
					"@executable_path/Frameworks",
					"@loader_path/Frameworks",
				);
				PRODUCT_BUNDLE_IDENTIFIER = com.macgallagher.MGDataStructuresTests;
				PRODUCT_NAME = "$(TARGET_NAME)";
				SWIFT_VERSION = 4.2;
				TARGETED_DEVICE_FAMILY = "1,2";
			};
			name = Release;
		};
		AD7005F92159D83E00404C5D /* Debug */ = {
			isa = XCBuildConfiguration;
			buildSettings = {
				ALWAYS_SEARCH_USER_PATHS = NO;
				CLANG_ANALYZER_NONNULL = YES;
				CLANG_ANALYZER_NUMBER_OBJECT_CONVERSION = YES_AGGRESSIVE;
				CLANG_CXX_LANGUAGE_STANDARD = "gnu++14";
				CLANG_CXX_LIBRARY = "libc++";
				CLANG_ENABLE_MODULES = YES;
				CLANG_ENABLE_OBJC_ARC = YES;
				CLANG_ENABLE_OBJC_WEAK = YES;
				CLANG_WARN_BLOCK_CAPTURE_AUTORELEASING = YES;
				CLANG_WARN_BOOL_CONVERSION = YES;
				CLANG_WARN_COMMA = YES;
				CLANG_WARN_CONSTANT_CONVERSION = YES;
				CLANG_WARN_DEPRECATED_OBJC_IMPLEMENTATIONS = YES;
				CLANG_WARN_DIRECT_OBJC_ISA_USAGE = YES_ERROR;
				CLANG_WARN_DOCUMENTATION_COMMENTS = YES;
				CLANG_WARN_EMPTY_BODY = YES;
				CLANG_WARN_ENUM_CONVERSION = YES;
				CLANG_WARN_INFINITE_RECURSION = YES;
				CLANG_WARN_INT_CONVERSION = YES;
				CLANG_WARN_NON_LITERAL_NULL_CONVERSION = YES;
				CLANG_WARN_OBJC_IMPLICIT_RETAIN_SELF = YES;
				CLANG_WARN_OBJC_LITERAL_CONVERSION = YES;
				CLANG_WARN_OBJC_ROOT_CLASS = YES_ERROR;
				CLANG_WARN_RANGE_LOOP_ANALYSIS = YES;
				CLANG_WARN_STRICT_PROTOTYPES = YES;
				CLANG_WARN_SUSPICIOUS_MOVE = YES;
				CLANG_WARN_UNGUARDED_AVAILABILITY = YES_AGGRESSIVE;
				CLANG_WARN_UNREACHABLE_CODE = YES;
				CLANG_WARN__DUPLICATE_METHOD_MATCH = YES;
				CODE_SIGN_IDENTITY = "iPhone Developer";
				COPY_PHASE_STRIP = NO;
				CURRENT_PROJECT_VERSION = 1;
				DEBUG_INFORMATION_FORMAT = dwarf;
				ENABLE_STRICT_OBJC_MSGSEND = YES;
				ENABLE_TESTABILITY = YES;
				GCC_C_LANGUAGE_STANDARD = gnu11;
				GCC_DYNAMIC_NO_PIC = NO;
				GCC_NO_COMMON_BLOCKS = YES;
				GCC_OPTIMIZATION_LEVEL = 0;
				GCC_PREPROCESSOR_DEFINITIONS = (
					"DEBUG=1",
					"$(inherited)",
				);
				GCC_WARN_64_TO_32_BIT_CONVERSION = YES;
				GCC_WARN_ABOUT_RETURN_TYPE = YES_ERROR;
				GCC_WARN_UNDECLARED_SELECTOR = YES;
				GCC_WARN_UNINITIALIZED_AUTOS = YES_AGGRESSIVE;
				GCC_WARN_UNUSED_FUNCTION = YES;
				GCC_WARN_UNUSED_VARIABLE = YES;
				IPHONEOS_DEPLOYMENT_TARGET = 12.0;
				MTL_ENABLE_DEBUG_INFO = INCLUDE_SOURCE;
				MTL_FAST_MATH = YES;
				ONLY_ACTIVE_ARCH = YES;
				SDKROOT = iphoneos;
				SWIFT_ACTIVE_COMPILATION_CONDITIONS = DEBUG;
				SWIFT_OPTIMIZATION_LEVEL = "-Onone";
				VERSIONING_SYSTEM = "apple-generic";
				VERSION_INFO_PREFIX = "";
			};
			name = Debug;
		};
		AD7005FA2159D83E00404C5D /* Release */ = {
			isa = XCBuildConfiguration;
			buildSettings = {
				ALWAYS_SEARCH_USER_PATHS = NO;
				CLANG_ANALYZER_NONNULL = YES;
				CLANG_ANALYZER_NUMBER_OBJECT_CONVERSION = YES_AGGRESSIVE;
				CLANG_CXX_LANGUAGE_STANDARD = "gnu++14";
				CLANG_CXX_LIBRARY = "libc++";
				CLANG_ENABLE_MODULES = YES;
				CLANG_ENABLE_OBJC_ARC = YES;
				CLANG_ENABLE_OBJC_WEAK = YES;
				CLANG_WARN_BLOCK_CAPTURE_AUTORELEASING = YES;
				CLANG_WARN_BOOL_CONVERSION = YES;
				CLANG_WARN_COMMA = YES;
				CLANG_WARN_CONSTANT_CONVERSION = YES;
				CLANG_WARN_DEPRECATED_OBJC_IMPLEMENTATIONS = YES;
				CLANG_WARN_DIRECT_OBJC_ISA_USAGE = YES_ERROR;
				CLANG_WARN_DOCUMENTATION_COMMENTS = YES;
				CLANG_WARN_EMPTY_BODY = YES;
				CLANG_WARN_ENUM_CONVERSION = YES;
				CLANG_WARN_INFINITE_RECURSION = YES;
				CLANG_WARN_INT_CONVERSION = YES;
				CLANG_WARN_NON_LITERAL_NULL_CONVERSION = YES;
				CLANG_WARN_OBJC_IMPLICIT_RETAIN_SELF = YES;
				CLANG_WARN_OBJC_LITERAL_CONVERSION = YES;
				CLANG_WARN_OBJC_ROOT_CLASS = YES_ERROR;
				CLANG_WARN_RANGE_LOOP_ANALYSIS = YES;
				CLANG_WARN_STRICT_PROTOTYPES = YES;
				CLANG_WARN_SUSPICIOUS_MOVE = YES;
				CLANG_WARN_UNGUARDED_AVAILABILITY = YES_AGGRESSIVE;
				CLANG_WARN_UNREACHABLE_CODE = YES;
				CLANG_WARN__DUPLICATE_METHOD_MATCH = YES;
				CODE_SIGN_IDENTITY = "iPhone Developer";
				COPY_PHASE_STRIP = NO;
				CURRENT_PROJECT_VERSION = 1;
				DEBUG_INFORMATION_FORMAT = "dwarf-with-dsym";
				ENABLE_NS_ASSERTIONS = NO;
				ENABLE_STRICT_OBJC_MSGSEND = YES;
				GCC_C_LANGUAGE_STANDARD = gnu11;
				GCC_NO_COMMON_BLOCKS = YES;
				GCC_WARN_64_TO_32_BIT_CONVERSION = YES;
				GCC_WARN_ABOUT_RETURN_TYPE = YES_ERROR;
				GCC_WARN_UNDECLARED_SELECTOR = YES;
				GCC_WARN_UNINITIALIZED_AUTOS = YES_AGGRESSIVE;
				GCC_WARN_UNUSED_FUNCTION = YES;
				GCC_WARN_UNUSED_VARIABLE = YES;
				IPHONEOS_DEPLOYMENT_TARGET = 12.0;
				MTL_ENABLE_DEBUG_INFO = NO;
				MTL_FAST_MATH = YES;
				SDKROOT = iphoneos;
				SWIFT_COMPILATION_MODE = wholemodule;
				SWIFT_OPTIMIZATION_LEVEL = "-O";
				VALIDATE_PRODUCT = YES;
				VERSIONING_SYSTEM = "apple-generic";
				VERSION_INFO_PREFIX = "";
			};
			name = Release;
		};
		AD7005FC2159D83E00404C5D /* Debug */ = {
			isa = XCBuildConfiguration;
			buildSettings = {
				CODE_SIGN_IDENTITY = "";
				CODE_SIGN_STYLE = Automatic;
				DEFINES_MODULE = YES;
				DEVELOPMENT_TEAM = DYZ8Y2U8DB;
				DYLIB_COMPATIBILITY_VERSION = 1;
				DYLIB_CURRENT_VERSION = 1;
				DYLIB_INSTALL_NAME_BASE = "@rpath";
				INFOPLIST_FILE = MGDataStructures/Info.plist;
				INSTALL_PATH = "$(LOCAL_LIBRARY_DIR)/Frameworks";
				LD_RUNPATH_SEARCH_PATHS = (
					"$(inherited)",
					"@executable_path/Frameworks",
					"@loader_path/Frameworks",
				);
				PRODUCT_BUNDLE_IDENTIFIER = com.macgallagher.MGDataStructures;
				PRODUCT_NAME = "$(TARGET_NAME:c99extidentifier)";
				SKIP_INSTALL = YES;
				SWIFT_VERSION = 4.2;
				TARGETED_DEVICE_FAMILY = "1,2";
			};
			name = Debug;
		};
		AD7005FD2159D83E00404C5D /* Release */ = {
			isa = XCBuildConfiguration;
			buildSettings = {
				CODE_SIGN_IDENTITY = "";
				CODE_SIGN_STYLE = Automatic;
				DEFINES_MODULE = YES;
				DEVELOPMENT_TEAM = DYZ8Y2U8DB;
				DYLIB_COMPATIBILITY_VERSION = 1;
				DYLIB_CURRENT_VERSION = 1;
				DYLIB_INSTALL_NAME_BASE = "@rpath";
				INFOPLIST_FILE = MGDataStructures/Info.plist;
				INSTALL_PATH = "$(LOCAL_LIBRARY_DIR)/Frameworks";
				LD_RUNPATH_SEARCH_PATHS = (
					"$(inherited)",
					"@executable_path/Frameworks",
					"@loader_path/Frameworks",
				);
				PRODUCT_BUNDLE_IDENTIFIER = com.macgallagher.MGDataStructures;
				PRODUCT_NAME = "$(TARGET_NAME:c99extidentifier)";
				SKIP_INSTALL = YES;
				SWIFT_VERSION = 4.2;
				TARGETED_DEVICE_FAMILY = "1,2";
			};
			name = Release;
		};
/* End XCBuildConfiguration section */

/* Begin XCConfigurationList section */
		AD492FE8215F0569000917EB /* Build configuration list for PBXNativeTarget "MGDataStructuresTests" */ = {
			isa = XCConfigurationList;
			buildConfigurations = (
				AD492FE6215F0569000917EB /* Debug */,
				AD492FE7215F0569000917EB /* Release */,
			);
			defaultConfigurationIsVisible = 0;
			defaultConfigurationName = Release;
		};
		AD7005ED2159D83E00404C5D /* Build configuration list for PBXProject "MGDataStructures" */ = {
			isa = XCConfigurationList;
			buildConfigurations = (
				AD7005F92159D83E00404C5D /* Debug */,
				AD7005FA2159D83E00404C5D /* Release */,
			);
			defaultConfigurationIsVisible = 0;
			defaultConfigurationName = Release;
		};
		AD7005FB2159D83E00404C5D /* Build configuration list for PBXNativeTarget "MGDataStructures" */ = {
			isa = XCConfigurationList;
			buildConfigurations = (
				AD7005FC2159D83E00404C5D /* Debug */,
				AD7005FD2159D83E00404C5D /* Release */,
			);
			defaultConfigurationIsVisible = 0;
			defaultConfigurationName = Release;
		};
/* End XCConfigurationList section */
	};
	rootObject = AD7005EA2159D83E00404C5D /* Project object */;
}
